
Microsoft Visual Studio Solution File, Format Version 12.00
# Visual Studio 15
VisualStudioVersion = 15.0.28307.421
MinimumVisualStudioVersion = 10.0.40219.1
Project("{FAE04EC0-301F-11D3-BF4B-00C04F79EFBC}") = "WPFMemoryBrowserHWK", "WPFMemoryBrowserHWK\WPFMemoryBrowserHWK.csproj", "{EBE990E0-AD0C-47A9-ADC9-FA41CC4F4DD6}"
EndProject
Global
	GlobalSection(SolutionConfigurationPlatforms) = preSolution
		Debug|Any CPU = Debug|Any CPU
		Release|Any CPU = Release|Any CPU
	EndGlobalSection
	GlobalSection(ProjectConfigurationPlatforms) = postSolution
		{EBE990E0-AD0C-47A9-ADC9-FA41CC4F4DD6}.Debug|Any CPU.ActiveCfg = Debug|Any CPU
		{EBE990E0-AD0C-47A9-ADC9-FA41CC4F4DD6}.Debug|Any CPU.Build.0 = Debug|Any CPU
		{EBE990E0-AD0C-47A9-ADC9-FA41CC4F4DD6}.Release|Any CPU.ActiveCfg = Release|Any CPU
		{EBE990E0-AD0C-47A9-ADC9-FA41CC4F4DD6}.Release|Any CPU.Build.0 = Release|Any CPU
	EndGlobalSection
	GlobalSection(SolutionProperties) = preSolution
		HideSolutionNode = FALSE
	EndGlobalSection
	GlobalSection(ExtensibilityGlobals) = postSolution
		SolutionGuid = {31900DAA-ADE8-42A0-94B9-A9E641551C5C}
	EndGlobalSection
EndGlobal
